
Microsoft Visual Studio Solution File, Format Version 12.00
# Visual Studio Version 17
VisualStudioVersion = 17.8.34330.188
MinimumVisualStudioVersion = 10.0.40219.1
Project("{2150E333-8FDC-42A3-9474-1A3956D46DE8}") = "Core", "Core", "{F5BEDB0E-72A6-474E-9258-A30DDAA62B8C}"
EndProject
Project("{2150E333-8FDC-42A3-9474-1A3956D46DE8}") = "Infrastructure", "Infrastructure", "{9CB6C3B0-8893-4DC3-BAAB-83E134040B62}"
EndProject
Project("{2150E333-8FDC-42A3-9474-1A3956D46DE8}") = "Presentation", "Presentation", "{875DD35D-EC4F-467F-B2AA-2C5AC82C2BFE}"
EndProject
Project("{FAE04EC0-301F-11D3-BF4B-00C04F79EFBC}") = "instagram-clone-api.Domain", "Core\instagram-clone-api.Domain\instagram-clone-api.Domain.csproj", "{9E0E36BB-D783-4B03-B289-97D924788C72}"
EndProject
Project("{FAE04EC0-301F-11D3-BF4B-00C04F79EFBC}") = "instagram-clone-api.Application", "Core\instagram-clone-api.Application\instagram-clone-api.Application.csproj", "{34D4F907-E83E-468B-911B-04F90A34C38D}"
EndProject
Project("{FAE04EC0-301F-11D3-BF4B-00C04F79EFBC}") = "instagram-clone-api.Infrastructure", "Infrastructure\instagram-clone-api.Infrastructure\instagram-clone-api.Infrastructure.csproj", "{0003C3B6-0337-43EC-BB5A-3D807321F63F}"
EndProject
Project("{FAE04EC0-301F-11D3-BF4B-00C04F79EFBC}") = "instagram-clone-api.Persistence", "Infrastructure\instagram-clone-api.Persistence\instagram-clone-api.Persistence.csproj", "{C5A77FCB-5E7D-4D61-9546-2F5A6771FEA3}"
EndProject
Project("{FAE04EC0-301F-11D3-BF4B-00C04F79EFBC}") = "instagram-clone-api.API", "Presentation\instagram-clone-api.API\instagram-clone-api.API.csproj", "{CAEC122F-55AD-491F-B776-903C0F667E2B}"
EndProject
Global
	GlobalSection(SolutionConfigurationPlatforms) = preSolution
		Debug|Any CPU = Debug|Any CPU
		Release|Any CPU = Release|Any CPU
	EndGlobalSection
	GlobalSection(ProjectConfigurationPlatforms) = postSolution
		{9E0E36BB-D783-4B03-B289-97D924788C72}.Debug|Any CPU.ActiveCfg = Debug|Any CPU
		{9E0E36BB-D783-4B03-B289-97D924788C72}.Debug|Any CPU.Build.0 = Debug|Any CPU
		{9E0E36BB-D783-4B03-B289-97D924788C72}.Release|Any CPU.ActiveCfg = Release|Any CPU
		{9E0E36BB-D783-4B03-B289-97D924788C72}.Release|Any CPU.Build.0 = Release|Any CPU
		{34D4F907-E83E-468B-911B-04F90A34C38D}.Debug|Any CPU.ActiveCfg = Debug|Any CPU
		{34D4F907-E83E-468B-911B-04F90A34C38D}.Debug|Any CPU.Build.0 = Debug|Any CPU
		{34D4F907-E83E-468B-911B-04F90A34C38D}.Release|Any CPU.ActiveCfg = Release|Any CPU
		{34D4F907-E83E-468B-911B-04F90A34C38D}.Release|Any CPU.Build.0 = Release|Any CPU
		{0003C3B6-0337-43EC-BB5A-3D807321F63F}.Debug|Any CPU.ActiveCfg = Debug|Any CPU
		{0003C3B6-0337-43EC-BB5A-3D807321F63F}.Debug|Any CPU.Build.0 = Debug|Any CPU
		{0003C3B6-0337-43EC-BB5A-3D807321F63F}.Release|Any CPU.ActiveCfg = Release|Any CPU
		{0003C3B6-0337-43EC-BB5A-3D807321F63F}.Release|Any CPU.Build.0 = Release|Any CPU
		{C5A77FCB-5E7D-4D61-9546-2F5A6771FEA3}.Debug|Any CPU.ActiveCfg = Debug|Any CPU
		{C5A77FCB-5E7D-4D61-9546-2F5A6771FEA3}.Debug|Any CPU.Build.0 = Debug|Any CPU
		{C5A77FCB-5E7D-4D61-9546-2F5A6771FEA3}.Release|Any CPU.ActiveCfg = Release|Any CPU
		{C5A77FCB-5E7D-4D61-9546-2F5A6771FEA3}.Release|Any CPU.Build.0 = Release|Any CPU
		{CAEC122F-55AD-491F-B776-903C0F667E2B}.Debug|Any CPU.ActiveCfg = Debug|Any CPU
		{CAEC122F-55AD-491F-B776-903C0F667E2B}.Debug|Any CPU.Build.0 = Debug|Any CPU
		{CAEC122F-55AD-491F-B776-903C0F667E2B}.Release|Any CPU.ActiveCfg = Release|Any CPU
		{CAEC122F-55AD-491F-B776-903C0F667E2B}.Release|Any CPU.Build.0 = Release|Any CPU
	EndGlobalSection
	GlobalSection(SolutionProperties) = preSolution
		HideSolutionNode = FALSE
	EndGlobalSection
	GlobalSection(NestedProjects) = preSolution
		{9E0E36BB-D783-4B03-B289-97D924788C72} = {F5BEDB0E-72A6-474E-9258-A30DDAA62B8C}
		{34D4F907-E83E-468B-911B-04F90A34C38D} = {F5BEDB0E-72A6-474E-9258-A30DDAA62B8C}
		{0003C3B6-0337-43EC-BB5A-3D807321F63F} = {9CB6C3B0-8893-4DC3-BAAB-83E134040B62}
		{C5A77FCB-5E7D-4D61-9546-2F5A6771FEA3} = {9CB6C3B0-8893-4DC3-BAAB-83E134040B62}
		{CAEC122F-55AD-491F-B776-903C0F667E2B} = {875DD35D-EC4F-467F-B2AA-2C5AC82C2BFE}
	EndGlobalSection
	GlobalSection(ExtensibilityGlobals) = postSolution
		SolutionGuid = {9C77DBA2-307A-4D0E-AE90-23CAA1D7C32F}
	EndGlobalSection
EndGlobal
